// !$*UTF8*$!
{
	archiveVersion = 1;
	classes = {
	};
	objectVersion = 45;
	objects = {

/* Begin PBXBuildFile section */
		9D47FE8B1288E72500F099E7 /* common.c in Sources */ = {isa = PBXBuildFile; fileRef = 9D47FE7F1288E72500F099E7 /* common.c */; };
		9D47FE8C1288E72500F099E7 /* injectpois0n.c in Sources */ = {isa = PBXBuildFile; fileRef = 9D47FE821288E72500F099E7 /* injectpois0n.c */; };
		9D47FE8D1288E72500F099E7 /* libirecovery.c in Sources */ = {isa = PBXBuildFile; fileRef = 9D47FE831288E72500F099E7 /* libirecovery.c */; };
		9D47FE8E1288E72500F099E7 /* libpartial.c in Sources */ = {isa = PBXBuildFile; fileRef = 9D47FE851288E72500F099E7 /* libpartial.c */; };
		9D47FE8F1288E72500F099E7 /* libpois0n.c in Sources */ = {isa = PBXBuildFile; fileRef = 9D47FE871288E72500F099E7 /* libpois0n.c */; };
		9D47FEA21288E77000F099E7 /* tetheredboot.c in Sources */ = {isa = PBXBuildFile; fileRef = 9D47FE8A1288E72500F099E7 /* tetheredboot.c */; };
		9D47FEAC1288E7B700F099E7 /* libpois0n.c in Sources */ = {isa = PBXBuildFile; fileRef = 9D47FE871288E72500F099E7 /* libpois0n.c */; };
		9D47FEAD1288E7B800F099E7 /* libpartial.c in Sources */ = {isa = PBXBuildFile; fileRef = 9D47FE851288E72500F099E7 /* libpartial.c */; };
		9D47FEAE1288E7B900F099E7 /* libirecovery.c in Sources */ = {isa = PBXBuildFile; fileRef = 9D47FE831288E72500F099E7 /* libirecovery.c */; };
		9D47FEB01288E7BF00F099E7 /* common.c in Sources */ = {isa = PBXBuildFile; fileRef = 9D47FE7F1288E72500F099E7 /* common.c */; };
		9D47FF1B1288ED6A00F099E7 /* libusb-1.0.dylib in Frameworks */ = {isa = PBXBuildFile; fileRef = 9D47FF1A1288ED6A00F099E7 /* libusb-1.0.dylib */; };
		9D47FF1C1288ED6A00F099E7 /* libusb-1.0.dylib in Frameworks */ = {isa = PBXBuildFile; fileRef = 9D47FF1A1288ED6A00F099E7 /* libusb-1.0.dylib */; };
		9D47FF221288ED9900F099E7 /* libcurl.dylib in Frameworks */ = {isa = PBXBuildFile; fileRef = 9D47FF211288ED9900F099E7 /* libcurl.dylib */; };
		9D47FF281288EDC100F099E7 /* libz.dylib in Frameworks */ = {isa = PBXBuildFile; fileRef = 9D47FF271288EDC100F099E7 /* libz.dylib */; };
		9D47FF2E1288EDE100F099E7 /* limera1n.c in Sources */ = {isa = PBXBuildFile; fileRef = 9D47FF2D1288EDE100F099E7 /* limera1n.c */; };
		9D47FF2F1288EDE100F099E7 /* limera1n.c in Sources */ = {isa = PBXBuildFile; fileRef = 9D47FF2D1288EDE100F099E7 /* limera1n.c */; };
		9D47FF311288EDF000F099E7 /* steaks4uce.c in Sources */ = {isa = PBXBuildFile; fileRef = 9D47FF301288EDF000F099E7 /* steaks4uce.c */; };
		9D47FF321288EDF000F099E7 /* steaks4uce.c in Sources */ = {isa = PBXBuildFile; fileRef = 9D47FF301288EDF000F099E7 /* steaks4uce.c */; };
/* End PBXBuildFile section */

/* Begin PBXCopyFilesBuildPhase section */
		8DD76FAF0486AB0100D96B5E /* CopyFiles */ = {
			isa = PBXCopyFilesBuildPhase;
			buildActionMask = 8;
			dstPath = /usr/share/man/man1/;
			dstSubfolderSpec = 0;
			files = (
			);
			runOnlyForDeploymentPostprocessing = 1;
		};
/* End PBXCopyFilesBuildPhase section */

/* Begin PBXFileReference section */
		8DD76FB20486AB0100D96B5E /* syringe */ = {isa = PBXFileReference; explicitFileType = "compiled.mach-o.executable"; includeInIndex = 0; path = syringe; sourceTree = BUILT_PRODUCTS_DIR; };
		9D47FE7F1288E72500F099E7 /* common.c */ = {isa = PBXFileReference; fileEncoding = 4; lastKnownFileType = sourcecode.c.c; path = common.c; sourceTree = "<group>"; };
		9D47FE801288E72500F099E7 /* common.h */ = {isa = PBXFileReference; fileEncoding = 4; lastKnownFileType = sourcecode.c.h; path = common.h; sourceTree = "<group>"; };
		9D47FE811288E72500F099E7 /* exploits.h */ = {isa = PBXFileReference; fileEncoding = 4; lastKnownFileType = sourcecode.c.h; path = exploits.h; sourceTree = "<group>"; };
		9D47FE821288E72500F099E7 /* injectpois0n.c */ = {isa = PBXFileReference; fileEncoding = 4; lastKnownFileType = sourcecode.c.c; path = injectpois0n.c; sourceTree = "<group>"; };
		9D47FE831288E72500F099E7 /* libirecovery.c */ = {isa = PBXFileReference; fileEncoding = 4; lastKnownFileType = sourcecode.c.c; path = libirecovery.c; sourceTree = "<group>"; };
		9D47FE841288E72500F099E7 /* libirecovery.h */ = {isa = PBXFileReference; fileEncoding = 4; lastKnownFileType = sourcecode.c.h; path = libirecovery.h; sourceTree = "<group>"; };
		9D47FE851288E72500F099E7 /* libpartial.c */ = {isa = PBXFileReference; fileEncoding = 4; lastKnownFileType = sourcecode.c.c; path = libpartial.c; sourceTree = "<group>"; };
		9D47FE861288E72500F099E7 /* libpartial.h */ = {isa = PBXFileReference; fileEncoding = 4; lastKnownFileType = sourcecode.c.h; path = libpartial.h; sourceTree = "<group>"; };
		9D47FE871288E72500F099E7 /* libpois0n.c */ = {isa = PBXFileReference; fileEncoding = 4; lastKnownFileType = sourcecode.c.c; path = libpois0n.c; sourceTree = "<group>"; };
		9D47FE881288E72500F099E7 /* libpois0n.h */ = {isa = PBXFileReference; fileEncoding = 4; lastKnownFileType = sourcecode.c.h; path = libpois0n.h; sourceTree = "<group>"; };
		9D47FE891288E72500F099E7 /* payloads.h */ = {isa = PBXFileReference; fileEncoding = 4; lastKnownFileType = sourcecode.c.h; path = payloads.h; sourceTree = "<group>"; };
		9D47FE8A1288E72500F099E7 /* tetheredboot.c */ = {isa = PBXFileReference; fileEncoding = 4; lastKnownFileType = sourcecode.c.c; path = tetheredboot.c; sourceTree = "<group>"; };
		9D47FE9E1288E75F00F099E7 /* tetheredboot */ = {isa = PBXFileReference; explicitFileType = "compiled.mach-o.executable"; includeInIndex = 0; path = tetheredboot; sourceTree = BUILT_PRODUCTS_DIR; };
		9D47FED01288E97500F099E7 /* ramdisk.h */ = {isa = PBXFileReference; fileEncoding = 4; lastKnownFileType = sourcecode.c.h; name = ramdisk.h; path = resources/ramdisk.h; sourceTree = "<group>"; };
		9D47FF1A1288ED6A00F099E7 /* libusb-1.0.dylib */ = {isa = PBXFileReference; lastKnownFileType = "compiled.mach-o.dylib"; name = "libusb-1.0.dylib"; path = "/opt/local/lib/libusb-1.0.dylib"; sourceTree = "<absolute>"; };
		9D47FF211288ED9900F099E7 /* libcurl.dylib */ = {isa = PBXFileReference; lastKnownFileType = "compiled.mach-o.dylib"; name = libcurl.dylib; path = usr/lib/libcurl.dylib; sourceTree = SDKROOT; };
		9D47FF271288EDC100F099E7 /* libz.dylib */ = {isa = PBXFileReference; lastKnownFileType = "compiled.mach-o.dylib"; name = libz.dylib; path = usr/lib/libz.dylib; sourceTree = SDKROOT; };
		9D47FF2D1288EDE100F099E7 /* limera1n.c */ = {isa = PBXFileReference; fileEncoding = 4; lastKnownFileType = sourcecode.c.c; name = limera1n.c; path = exploits/limera1n/limera1n.c; sourceTree = SOURCE_ROOT; };
		9D47FF301288EDF000F099E7 /* steaks4uce.c */ = {isa = PBXFileReference; fileEncoding = 4; lastKnownFileType = sourcecode.c.c; name = steaks4uce.c; path = exploits/steaks4uce/steaks4uce.c; sourceTree = SOURCE_ROOT; };
/* End PBXFileReference section */

/* Begin PBXFrameworksBuildPhase section */
		8DD76FAD0486AB0100D96B5E /* Frameworks */ = {
			isa = PBXFrameworksBuildPhase;
			buildActionMask = 2147483647;
			files = (
				9D47FF1B1288ED6A00F099E7 /* libusb-1.0.dylib in Frameworks */,
			);
			runOnlyForDeploymentPostprocessing = 0;
		};
		9D47FE9C1288E75F00F099E7 /* Frameworks */ = {
			isa = PBXFrameworksBuildPhase;
			buildActionMask = 2147483647;
			files = (
				9D47FF1C1288ED6A00F099E7 /* libusb-1.0.dylib in Frameworks */,
				9D47FF221288ED9900F099E7 /* libcurl.dylib in Frameworks */,
				9D47FF281288EDC100F099E7 /* libz.dylib in Frameworks */,
			);
			runOnlyForDeploymentPostprocessing = 0;
		};
/* End PBXFrameworksBuildPhase section */

/* Begin PBXGroup section */
		08FB7794FE84155DC02AAC07 /* syringe */ = {
			isa = PBXGroup;
			children = (
				08FB7795FE84155DC02AAC07 /* Source */,
				1AB674ADFE9D54B511CA2CBB /* Products */,
				9D47FF211288ED9900F099E7 /* libcurl.dylib */,
				9D47FF1A1288ED6A00F099E7 /* libusb-1.0.dylib */,
				9D47FF271288EDC100F099E7 /* libz.dylib */,
			);
			name = syringe;
			sourceTree = "<group>";
		};
		08FB7795FE84155DC02AAC07 /* Source */ = {
			isa = PBXGroup;
			children = (
				9D47FF301288EDF000F099E7 /* steaks4uce.c */,
				9D47FF2D1288EDE100F099E7 /* limera1n.c */,
				9D47FED01288E97500F099E7 /* ramdisk.h */,
				9D47FE7F1288E72500F099E7 /* common.c */,
				9D47FE801288E72500F099E7 /* common.h */,
				9D47FE811288E72500F099E7 /* exploits.h */,
				9D47FE821288E72500F099E7 /* injectpois0n.c */,
				9D47FE831288E72500F099E7 /* libirecovery.c */,
				9D47FE841288E72500F099E7 /* libirecovery.h */,
				9D47FE851288E72500F099E7 /* libpartial.c */,
				9D47FE861288E72500F099E7 /* libpartial.h */,
				9D47FE871288E72500F099E7 /* libpois0n.c */,
				9D47FE881288E72500F099E7 /* libpois0n.h */,
				9D47FE891288E72500F099E7 /* payloads.h */,
				9D47FE8A1288E72500F099E7 /* tetheredboot.c */,
			);
			name = Source;
			sourceTree = "<group>";
		};
		1AB674ADFE9D54B511CA2CBB /* Products */ = {
			isa = PBXGroup;
			children = (
				8DD76FB20486AB0100D96B5E /* syringe */,
				9D47FE9E1288E75F00F099E7 /* tetheredboot */,
			);
			name = Products;
			sourceTree = "<group>";
		};
/* End PBXGroup section */

/* Begin PBXNativeTarget section */
		8DD76FA90486AB0100D96B5E /* syringe */ = {
			isa = PBXNativeTarget;
			buildConfigurationList = 1DEB928508733DD80010E9CD /* Build configuration list for PBXNativeTarget "syringe" */;
			buildPhases = (
				8DD76FAB0486AB0100D96B5E /* Sources */,
				8DD76FAD0486AB0100D96B5E /* Frameworks */,
				8DD76FAF0486AB0100D96B5E /* CopyFiles */,
			);
			buildRules = (
			);
			dependencies = (
			);
			name = syringe;
			productInstallPath = "$(HOME)/bin";
			productName = syringe;
			productReference = 8DD76FB20486AB0100D96B5E /* syringe */;
			productType = "com.apple.product-type.tool";
		};
		9D47FE9D1288E75F00F099E7 /* tetheredboot */ = {
			isa = PBXNativeTarget;
			buildConfigurationList = 9D47FEA51288E78F00F099E7 /* Build configuration list for PBXNativeTarget "tetheredboot" */;
			buildPhases = (
				9D47FE9B1288E75F00F099E7 /* Sources */,
				9D47FE9C1288E75F00F099E7 /* Frameworks */,
			);
			buildRules = (
			);
			dependencies = (
			);
			name = tetheredboot;
			productName = tetheredboot;
			productReference = 9D47FE9E1288E75F00F099E7 /* tetheredboot */;
			productType = "com.apple.product-type.tool";
		};
/* End PBXNativeTarget section */

/* Begin PBXProject section */
		08FB7793FE84155DC02AAC07 /* Project object */ = {
			isa = PBXProject;
			buildConfigurationList = 1DEB928908733DD80010E9CD /* Build configuration list for PBXProject "syringe" */;
			compatibilityVersion = "Xcode 3.1";
			developmentRegion = English;
			hasScannedForEncodings = 1;
			knownRegions = (
				English,
				Japanese,
				French,
				German,
			);
			mainGroup = 08FB7794FE84155DC02AAC07 /* syringe */;
			projectDirPath = "";
			projectRoot = "";
			targets = (
				8DD76FA90486AB0100D96B5E /* syringe */,
				9D47FE9D1288E75F00F099E7 /* tetheredboot */,
			);
		};
/* End PBXProject section */

/* Begin PBXSourcesBuildPhase section */
		8DD76FAB0486AB0100D96B5E /* Sources */ = {
			isa = PBXSourcesBuildPhase;
			buildActionMask = 2147483647;
			files = (
				9D47FE8B1288E72500F099E7 /* common.c in Sources */,
				9D47FE8C1288E72500F099E7 /* injectpois0n.c in Sources */,
				9D47FE8D1288E72500F099E7 /* libirecovery.c in Sources */,
				9D47FE8E1288E72500F099E7 /* libpartial.c in Sources */,
				9D47FE8F1288E72500F099E7 /* libpois0n.c in Sources */,
				9D47FF2E1288EDE100F099E7 /* limera1n.c in Sources */,
				9D47FF311288EDF000F099E7 /* steaks4uce.c in Sources */,
			);
			runOnlyForDeploymentPostprocessing = 0;
		};
		9D47FE9B1288E75F00F099E7 /* Sources */ = {
			isa = PBXSourcesBuildPhase;
			buildActionMask = 2147483647;
			files = (
				9D47FEA21288E77000F099E7 /* tetheredboot.c in Sources */,
				9D47FEAC1288E7B700F099E7 /* libpois0n.c in Sources */,
				9D47FEAD1288E7B800F099E7 /* libpartial.c in Sources */,
				9D47FEAE1288E7B900F099E7 /* libirecovery.c in Sources */,
				9D47FEB01288E7BF00F099E7 /* common.c in Sources */,
				9D47FF2F1288EDE100F099E7 /* limera1n.c in Sources */,
				9D47FF321288EDF000F099E7 /* steaks4uce.c in Sources */,
			);
			runOnlyForDeploymentPostprocessing = 0;
		};
/* End PBXSourcesBuildPhase section */

/* Begin XCBuildConfiguration section */
		1DEB928608733DD80010E9CD /* Debug */ = {
			isa = XCBuildConfiguration;
			buildSettings = {
				ALWAYS_SEARCH_USER_PATHS = NO;
				COPY_PHASE_STRIP = NO;
				GCC_DYNAMIC_NO_PIC = NO;
				GCC_ENABLE_FIX_AND_CONTINUE = YES;
				GCC_MODEL_TUNING = G5;
				GCC_OPTIMIZATION_LEVEL = 0;
				INSTALL_PATH = /usr/local/bin;
				LIBRARY_SEARCH_PATHS = (
					"$(inherited)",
					/opt/local/lib,
				);
				PRODUCT_NAME = syringe;
			};
			name = Debug;
		};
		1DEB928708733DD80010E9CD /* Release */ = {
			isa = XCBuildConfiguration;
			buildSettings = {
				ALWAYS_SEARCH_USER_PATHS = NO;
				DEBUG_INFORMATION_FORMAT = "dwarf-with-dsym";
				GCC_MODEL_TUNING = G5;
				INSTALL_PATH = /usr/local/bin;
				LIBRARY_SEARCH_PATHS = (
					"$(inherited)",
					/opt/local/lib,
				);
				PRODUCT_NAME = syringe;
			};
			name = Release;
		};
		1DEB928A08733DD80010E9CD /* Debug */ = {
			isa = XCBuildConfiguration;
			buildSettings = {
				ARCHS = "$(ARCHS_STANDARD_32_64_BIT)";
				GCC_C_LANGUAGE_STANDARD = gnu99;
				GCC_INPUT_FILETYPE = sourcecode.cpp.cpp;
				GCC_OPTIMIZATION_LEVEL = 0;
				GCC_WARN_ABOUT_RETURN_TYPE = YES;
				GCC_WARN_UNUSED_VARIABLE = YES;
				HEADER_SEARCH_PATHS = ./include;
				LIBRARY_SEARCH_PATHS = /opt/local/lib;
				ONLY_ACTIVE_ARCH = YES;
				PREBINDING = NO;
				SDKROOT = macosx10.6;
			};
			name = Debug;
		};
		1DEB928B08733DD80010E9CD /* Release */ = {
			isa = XCBuildConfiguration;
			buildSettings = {
				ARCHS = "$(ARCHS_STANDARD_32_64_BIT)";
				GCC_C_LANGUAGE_STANDARD = gnu99;
				GCC_INPUT_FILETYPE = sourcecode.cpp.cpp;
				GCC_WARN_ABOUT_RETURN_TYPE = YES;
				GCC_WARN_UNUSED_VARIABLE = YES;
				HEADER_SEARCH_PATHS = ./include;
				LIBRARY_SEARCH_PATHS = /opt/local/lib;
				PREBINDING = NO;
				SDKROOT = macosx10.6;
			};
			name = Release;
		};
		9D47FEA01288E75F00F099E7 /* Debug */ = {
			isa = XCBuildConfiguration;
			buildSettings = {
				ALWAYS_SEARCH_USER_PATHS = NO;
				COPY_PHASE_STRIP = NO;
				GCC_DYNAMIC_NO_PIC = NO;
				GCC_ENABLE_FIX_AND_CONTINUE = YES;
				GCC_MODEL_TUNING = G5;
				GCC_OPTIMIZATION_LEVEL = 0;
				INSTALL_PATH = /usr/local/bin;
				LIBRARY_SEARCH_PATHS = (
					"$(inherited)",
					/opt/local/lib,
				);
				PREBINDING = NO;
				PRODUCT_NAME = tetheredboot;
			};
			name = Debug;
		};
		9D47FEA11288E75F00F099E7 /* Release */ = {
			isa = XCBuildConfiguration;
			buildSettings = {
				ALWAYS_SEARCH_USER_PATHS = NO;
				COPY_PHASE_STRIP = YES;
				DEBUG_INFORMATION_FORMAT = "dwarf-with-dsym";
				GCC_ENABLE_FIX_AND_CONTINUE = NO;
				GCC_MODEL_TUNING = G5;
				INSTALL_PATH = /usr/local/bin;
				LIBRARY_SEARCH_PATHS = (
					"$(inherited)",
					/opt/local/lib,
				);
				PREBINDING = NO;
				PRODUCT_NAME = tetheredboot;
				ZERO_LINK = NO;
			};
			name = Release;
		};
/* End XCBuildConfiguration section */

/* Begin XCConfigurationList section */
		1DEB928508733DD80010E9CD /* Build configuration list for PBXNativeTarget "syringe" */ = {
			isa = XCConfigurationList;
			buildConfigurations = (
				1DEB928608733DD80010E9CD /* Debug */,
				1DEB928708733DD80010E9CD /* Release */,
			);
			defaultConfigurationIsVisible = 0;
			defaultConfigurationName = Release;
		};
		1DEB928908733DD80010E9CD /* Build configuration list for PBXProject "syringe" */ = {
			isa = XCConfigurationList;
			buildConfigurations = (
				1DEB928A08733DD80010E9CD /* Debug */,
				1DEB928B08733DD80010E9CD /* Release */,
			);
			defaultConfigurationIsVisible = 0;
			defaultConfigurationName = Release;
		};
		9D47FEA51288E78F00F099E7 /* Build configuration list for PBXNativeTarget "tetheredboot" */ = {
			isa = XCConfigurationList;
			buildConfigurations = (
				9D47FEA01288E75F00F099E7 /* Debug */,
				9D47FEA11288E75F00F099E7 /* Release */,
			);
			defaultConfigurationIsVisible = 0;
			defaultConfigurationName = Release;
		};
/* End XCConfigurationList section */
	};
	rootObject = 08FB7793FE84155DC02AAC07 /* Project object */;
}
