<?xml version="1.0" encoding="utf-8"?>
<Project ToolsVersion="4.0" xmlns="http://schemas.microsoft.com/developer/msbuild/2003">
  <ItemGroup>
    <Filter Include="Source Files">
      <UniqueIdentifier>{4FC737F1-C7A5-4376-A066-2A32D752A2FF}</UniqueIdentifier>
      <Extensions>cpp;c;cc;cxx;def;odl;idl;hpj;bat;asm;asmx</Extensions>
    </Filter>
    <Filter Include="Header Files">
      <UniqueIdentifier>{93995380-89BD-4b04-88EB-625FBE52EBFB}</UniqueIdentifier>
      <Extensions>h;hpp;hxx;hm;inl;inc;xsd</Extensions>
    </Filter>
    <Filter Include="Resource Files">
      <UniqueIdentifier>{67DA6AB6-F800-4c08-8B7A-83BB121AAD01}</UniqueIdentifier>
      <Extensions>rc;ico;cur;bmp;dlg;rc2;rct;bin;rgs;gif;jpg;jpeg;jpe;resx;tiff;tif;png;wav;mfcribbon-ms</Extensions>
    </Filter>
  </ItemGroup>
  <ItemGroup>
    <ClCompile Include="src\curlutil.c">
      <Filter>Source Files</Filter>
    </ClCompile>
    <ClCompile Include="src\getpass.c">
      <Filter>Source Files</Filter>
    </ClCompile>
    <ClCompile Include="src\homedir.c">
      <Filter>Source Files</Filter>
    </ClCompile>
    <ClCompile Include="src\hugehelp.c">
      <Filter>Source Files</Filter>
    </ClCompile>
    <ClCompile Include="src\os-specific.c">
      <Filter>Source Files</Filter>
    </ClCompile>
    <ClCompile Include="src\urlglob.c">
      <Filter>Source Files</Filter>
    </ClCompile>
    <ClCompile Include="src\writeenv.c">
      <Filter>Source Files</Filter>
    </ClCompile>
    <ClCompile Include="src\writeout.c">
      <Filter>Source Files</Filter>
    </ClCompile>
    <ClCompile Include="lib\amigaos.c">
      <Filter>Source Files</Filter>
    </ClCompile>
    <ClCompile Include="lib\base64.c">
      <Filter>Source Files</Filter>
    </ClCompile>
    <ClCompile Include="lib\connect.c">
      <Filter>Source Files</Filter>
    </ClCompile>
    <ClCompile Include="lib\content_encoding.c">
      <Filter>Source Files</Filter>
    </ClCompile>
    <ClCompile Include="lib\cookie.c">
      <Filter>Source Files</Filter>
    </ClCompile>
    <ClCompile Include="lib\curl_addrinfo.c">
      <Filter>Source Files</Filter>
    </ClCompile>
    <ClCompile Include="lib\curl_fnmatch.c">
      <Filter>Source Files</Filter>
    </ClCompile>
    <ClCompile Include="lib\curl_gethostname.c">
      <Filter>Source Files</Filter>
    </ClCompile>
    <ClCompile Include="lib\curl_memrchr.c">
      <Filter>Source Files</Filter>
    </ClCompile>
    <ClCompile Include="lib\curl_rand.c">
      <Filter>Source Files</Filter>
    </ClCompile>
    <ClCompile Include="lib\curl_rtmp.c">
      <Filter>Source Files</Filter>
    </ClCompile>
    <ClCompile Include="lib\curl_sspi.c">
      <Filter>Source Files</Filter>
    </ClCompile>
    <ClCompile Include="lib\curl_threads.c">
      <Filter>Source Files</Filter>
    </ClCompile>
    <ClCompile Include="lib\dict.c">
      <Filter>Source Files</Filter>
    </ClCompile>
    <ClCompile Include="lib\easy.c">
      <Filter>Source Files</Filter>
    </ClCompile>
    <ClCompile Include="lib\escape.c">
      <Filter>Source Files</Filter>
    </ClCompile>
    <ClCompile Include="lib\file.c">
      <Filter>Source Files</Filter>
    </ClCompile>
    <ClCompile Include="lib\fileinfo.c">
      <Filter>Source Files</Filter>
    </ClCompile>
    <ClCompile Include="lib\formdata.c">
      <Filter>Source Files</Filter>
    </ClCompile>
    <ClCompile Include="lib\ftp.c">
      <Filter>Source Files</Filter>
    </ClCompile>
    <ClCompile Include="lib\ftplistparser.c">
      <Filter>Source Files</Filter>
    </ClCompile>
    <ClCompile Include="lib\getenv.c">
      <Filter>Source Files</Filter>
    </ClCompile>
    <ClCompile Include="lib\getinfo.c">
      <Filter>Source Files</Filter>
    </ClCompile>
    <ClCompile Include="lib\gopher.c">
      <Filter>Source Files</Filter>
    </ClCompile>
    <ClCompile Include="lib\gtls.c">
      <Filter>Source Files</Filter>
    </ClCompile>
    <ClCompile Include="lib\hash.c">
      <Filter>Source Files</Filter>
    </ClCompile>
    <ClCompile Include="lib\hmac.c">
      <Filter>Source Files</Filter>
    </ClCompile>
    <ClCompile Include="lib\hostares.c">
      <Filter>Source Files</Filter>
    </ClCompile>
    <ClCompile Include="lib\hostasyn.c">
      <Filter>Source Files</Filter>
    </ClCompile>
    <ClCompile Include="lib\hostip.c">
      <Filter>Source Files</Filter>
    </ClCompile>
    <ClCompile Include="lib\hostip4.c">
      <Filter>Source Files</Filter>
    </ClCompile>
    <ClCompile Include="lib\hostip6.c">
      <Filter>Source Files</Filter>
    </ClCompile>
    <ClCompile Include="lib\hostsyn.c">
      <Filter>Source Files</Filter>
    </ClCompile>
    <ClCompile Include="lib\hostthre.c">
      <Filter>Source Files</Filter>
    </ClCompile>
    <ClCompile Include="lib\http.c">
      <Filter>Source Files</Filter>
    </ClCompile>
    <ClCompile Include="lib\http_chunks.c">
      <Filter>Source Files</Filter>
    </ClCompile>
    <ClCompile Include="lib\http_digest.c">
      <Filter>Source Files</Filter>
    </ClCompile>
    <ClCompile Include="lib\http_negotiate.c">
      <Filter>Source Files</Filter>
    </ClCompile>
    <ClCompile Include="lib\http_ntlm.c">
      <Filter>Source Files</Filter>
    </ClCompile>
    <ClCompile Include="lib\if2ip.c">
      <Filter>Source Files</Filter>
    </ClCompile>
    <ClCompile Include="lib\imap.c">
      <Filter>Source Files</Filter>
    </ClCompile>
    <ClCompile Include="lib\inet_ntop.c">
      <Filter>Source Files</Filter>
    </ClCompile>
    <ClCompile Include="lib\inet_pton.c">
      <Filter>Source Files</Filter>
    </ClCompile>
    <ClCompile Include="lib\krb4.c">
      <Filter>Source Files</Filter>
    </ClCompile>
    <ClCompile Include="lib\krb5.c">
      <Filter>Source Files</Filter>
    </ClCompile>
    <ClCompile Include="lib\ldap.c">
      <Filter>Source Files</Filter>
    </ClCompile>
    <ClCompile Include="lib\llist.c">
      <Filter>Source Files</Filter>
    </ClCompile>
    <ClCompile Include="lib\md4.c">
      <Filter>Source Files</Filter>
    </ClCompile>
    <ClCompile Include="lib\md5.c">
      <Filter>Source Files</Filter>
    </ClCompile>
    <ClCompile Include="lib\memdebug.c">
      <Filter>Source Files</Filter>
    </ClCompile>
    <ClCompile Include="lib\mprintf.c">
      <Filter>Source Files</Filter>
    </ClCompile>
    <ClCompile Include="lib\multi.c">
      <Filter>Source Files</Filter>
    </ClCompile>
    <ClCompile Include="lib\netrc.c">
      <Filter>Source Files</Filter>
    </ClCompile>
    <ClCompile Include="lib\nonblock.c">
      <Filter>Source Files</Filter>
    </ClCompile>
    <ClCompile Include="lib\nss.c">
      <Filter>Source Files</Filter>
    </ClCompile>
    <ClCompile Include="lib\nwlib.c">
      <Filter>Source Files</Filter>
    </ClCompile>
    <ClCompile Include="lib\nwos.c">
      <Filter>Source Files</Filter>
    </ClCompile>
    <ClCompile Include="lib\openldap.c">
      <Filter>Source Files</Filter>
    </ClCompile>
    <ClCompile Include="lib\parsedate.c">
      <Filter>Source Files</Filter>
    </ClCompile>
    <ClCompile Include="lib\pingpong.c">
      <Filter>Source Files</Filter>
    </ClCompile>
    <ClCompile Include="lib\polarssl.c">
      <Filter>Source Files</Filter>
    </ClCompile>
    <ClCompile Include="lib\pop3.c">
      <Filter>Source Files</Filter>
    </ClCompile>
    <ClCompile Include="lib\progress.c">
      <Filter>Source Files</Filter>
    </ClCompile>
    <ClCompile Include="lib\qssl.c">
      <Filter>Source Files</Filter>
    </ClCompile>
    <ClCompile Include="lib\rawstr.c">
      <Filter>Source Files</Filter>
    </ClCompile>
    <ClCompile Include="lib\rtsp.c">
      <Filter>Source Files</Filter>
    </ClCompile>
    <ClCompile Include="lib\security.c">
      <Filter>Source Files</Filter>
    </ClCompile>
    <ClCompile Include="lib\select.c">
      <Filter>Source Files</Filter>
    </ClCompile>
    <ClCompile Include="lib\sendf.c">
      <Filter>Source Files</Filter>
    </ClCompile>
    <ClCompile Include="lib\share.c">
      <Filter>Source Files</Filter>
    </ClCompile>
    <ClCompile Include="lib\slist.c">
      <Filter>Source Files</Filter>
    </ClCompile>
    <ClCompile Include="lib\smtp.c">
      <Filter>Source Files</Filter>
    </ClCompile>
    <ClCompile Include="lib\socks.c">
      <Filter>Source Files</Filter>
    </ClCompile>
    <ClCompile Include="lib\socks_gssapi.c">
      <Filter>Source Files</Filter>
    </ClCompile>
    <ClCompile Include="lib\socks_sspi.c">
      <Filter>Source Files</Filter>
    </ClCompile>
    <ClCompile Include="lib\speedcheck.c">
      <Filter>Source Files</Filter>
    </ClCompile>
    <ClCompile Include="lib\splay.c">
      <Filter>Source Files</Filter>
    </ClCompile>
    <ClCompile Include="lib\ssh.c">
      <Filter>Source Files</Filter>
    </ClCompile>
    <ClCompile Include="lib\sslgen.c">
      <Filter>Source Files</Filter>
    </ClCompile>
    <ClCompile Include="lib\ssluse.c">
      <Filter>Source Files</Filter>
    </ClCompile>
    <ClCompile Include="lib\strdup.c">
      <Filter>Source Files</Filter>
    </ClCompile>
    <ClCompile Include="lib\strequal.c">
      <Filter>Source Files</Filter>
    </ClCompile>
    <ClCompile Include="lib\strerror.c">
      <Filter>Source Files</Filter>
    </ClCompile>
    <ClCompile Include="lib\strtok.c">
      <Filter>Source Files</Filter>
    </ClCompile>
    <ClCompile Include="lib\strtoofft.c">
      <Filter>Source Files</Filter>
    </ClCompile>
    <ClCompile Include="lib\telnet.c">
      <Filter>Source Files</Filter>
    </ClCompile>
    <ClCompile Include="lib\tftp.c">
      <Filter>Source Files</Filter>
    </ClCompile>
    <ClCompile Include="lib\timeval.c">
      <Filter>Source Files</Filter>
    </ClCompile>
    <ClCompile Include="lib\transfer.c">
      <Filter>Source Files</Filter>
    </ClCompile>
    <ClCompile Include="lib\url.c">
      <Filter>Source Files</Filter>
    </ClCompile>
    <ClCompile Include="lib\version.c">
      <Filter>Source Files</Filter>
    </ClCompile>
    <ClCompile Include="lib\warnless.c">
      <Filter>Source Files</Filter>
    </ClCompile>
    <ClCompile Include="lib\wildcard.c">
      <Filter>Source Files</Filter>
    </ClCompile>
  </ItemGroup>
  <ItemGroup>
    <ClInclude Include="src\config-amigaos.h">
      <Filter>Header Files</Filter>
    </ClInclude>
    <ClInclude Include="src\config-mac.h">
      <Filter>Header Files</Filter>
    </ClInclude>
    <ClInclude Include="src\config-riscos.h">
      <Filter>Header Files</Filter>
    </ClInclude>
    <ClInclude Include="src\config-win32.h">
      <Filter>Header Files</Filter>
    </ClInclude>
    <ClInclude Include="src\curlutil.h">
      <Filter>Header Files</Filter>
    </ClInclude>
    <ClInclude Include="src\getpass.h">
      <Filter>Header Files</Filter>
    </ClInclude>
    <ClInclude Include="src\homedir.h">
      <Filter>Header Files</Filter>
    </ClInclude>
    <ClInclude Include="src\hugehelp.h">
      <Filter>Header Files</Filter>
    </ClInclude>
    <ClInclude Include="src\os-specific.h">
      <Filter>Header Files</Filter>
    </ClInclude>
    <ClInclude Include="src\setup.h">
      <Filter>Header Files</Filter>
    </ClInclude>
    <ClInclude Include="src\urlglob.h">
      <Filter>Header Files</Filter>
    </ClInclude>
    <ClInclude Include="src\version.h">
      <Filter>Header Files</Filter>
    </ClInclude>
    <ClInclude Include="src\writeenv.h">
      <Filter>Header Files</Filter>
    </ClInclude>
    <ClInclude Include="src\writeout.h">
      <Filter>Header Files</Filter>
    </ClInclude>
  </ItemGroup>
</Project>